
Microsoft Visual Studio Solution File, Format Version 12.00
# Visual Studio Version 16
VisualStudioVersion = 16.0.31402.337
MinimumVisualStudioVersion = 10.0.40219.1
Project("{9A19103F-16F7-4668-BE54-9A1E7A4F7556}") = "CommunityTools", "CommunityTools.csproj", "{2368BE04-ED97-435A-B1B9-FA96BA6CD277}"
EndProject
Global
	GlobalSection(SolutionConfigurationPlatforms) = preSolution
		Debug|Any CPU = Debug|Any CPU
		Release|Any CPU = Release|Any CPU
	EndGlobalSection
	GlobalSection(ProjectConfigurationPlatforms) = postSolution
		{2368BE04-ED97-435A-B1B9-FA96BA6CD277}.Debug|Any CPU.ActiveCfg = Debug|Any CPU
		{2368BE04-ED97-435A-B1B9-FA96BA6CD277}.Debug|Any CPU.Build.0 = Debug|Any CPU
		{2368BE04-ED97-435A-B1B9-FA96BA6CD277}.Release|Any CPU.ActiveCfg = Release|Any CPU
		{2368BE04-ED97-435A-B1B9-FA96BA6CD277}.Release|Any CPU.Build.0 = Release|Any CPU
	EndGlobalSection
	GlobalSection(SolutionProperties) = preSolution
		HideSolutionNode = FALSE
	EndGlobalSection
	GlobalSection(ExtensibilityGlobals) = postSolution
		SolutionGuid = {2E9E10B0-5A00-4351-B92D-321159B44F3D}
	EndGlobalSection
EndGlobal
